{
  "name": "antr-client",
  "requires": true,
  "lockfileVersion": 1,
  "dependencies": {
    "@babel/runtime": {
      "version": "7.5.5",
      "resolved": "https://registry.npmjs.org/@babel/runtime/-/runtime-7.5.5.tgz",
      "integrity": "sha512-28QvEGyQyNkB0/m2B4FU7IEZGK2NUrcMtT6BZEFALTguLk+AUT6ofsHtPk5QyjAdUkpMJ+/Em+quwz4HOt30AQ==",
      "requires": {
        "regenerator-runtime": "^0.13.2"
      }
    },
    "@types/node": {
      "version": "12.6.8",
      "resolved": "https://registry.npmjs.org/@types/node/-/node-12.6.8.tgz",
      "integrity": "sha512-aX+gFgA5GHcDi89KG5keey2zf0WfZk/HAQotEamsK2kbey+8yGKcson0hbK8E+v0NArlCJQCqMP161YhV6ZXLg=="
    },
    "@types/zen-observable": {
      "version": "0.8.0",
      "resolved": "https://registry.npmjs.org/@types/zen-observable/-/zen-observable-0.8.0.tgz",
      "integrity": "sha512-te5lMAWii1uEJ4FwLjzdlbw3+n0FZNOvFXHxQDKeT0dilh7HOzdMzV2TrJVUzq8ep7J4Na8OUYPRLSQkJHAlrg=="
    },
    "@wry/context": {
      "version": "0.4.4",
      "resolved": "https://registry.npmjs.org/@wry/context/-/context-0.4.4.tgz",
      "integrity": "sha512-LrKVLove/zw6h2Md/KZyWxIkFM6AoyKp71OqpH9Hiip1csjPVoD3tPxlbQUNxEnHENks3UGgNpSBCAfq9KWuag==",
      "requires": {
        "@types/node": ">=6",
        "tslib": "^1.9.3"
      }
    },
    "@wry/equality": {
      "version": "0.1.9",
      "resolved": "https://registry.npmjs.org/@wry/equality/-/equality-0.1.9.tgz",
      "integrity": "sha512-mB6ceGjpMGz1ZTza8HYnrPGos2mC6So4NhS1PtZ8s4Qt0K7fBiIGhpSxUbQmhwcSWE3no+bYxmI2OL6KuXYmoQ==",
      "requires": {
        "tslib": "^1.9.3"
      }
    },
    "apollo-boost": {
      "version": "0.4.3",
      "resolved": "https://registry.npmjs.org/apollo-boost/-/apollo-boost-0.4.3.tgz",
      "integrity": "sha512-XE7hx4aXRnyZ4OGM8I7DjYq9SYLYWrVBoYpEFsv0GBtfIl6tipyks2Yo2/TEWKw7mhGmi1eFB2F3pbhIZbzKuQ==",
      "requires": {
        "apollo-cache": "^1.3.2",
        "apollo-cache-inmemory": "^1.6.2",
        "apollo-client": "^2.6.3",
        "apollo-link": "^1.0.6",
        "apollo-link-error": "^1.0.3",
        "apollo-link-http": "^1.3.1",
        "graphql-tag": "^2.4.2",
        "ts-invariant": "^0.4.0",
        "tslib": "^1.9.3"
      }
    },
    "apollo-cache": {
      "version": "1.3.2",
      "resolved": "https://registry.npmjs.org/apollo-cache/-/apollo-cache-1.3.2.tgz",
      "integrity": "sha512-+KA685AV5ETEJfjZuviRTEImGA11uNBp/MJGnaCvkgr+BYRrGLruVKBv6WvyFod27WEB2sp7SsG8cNBKANhGLg==",
      "requires": {
        "apollo-utilities": "^1.3.2",
        "tslib": "^1.9.3"
      }
    },
    "apollo-cache-inmemory": {
      "version": "1.6.2",
      "resolved": "https://registry.npmjs.org/apollo-cache-inmemory/-/apollo-cache-inmemory-1.6.2.tgz",
      "integrity": "sha512-AyCl3PGFv5Qv1w4N9vlg63GBPHXgMCekZy5mhlS042ji0GW84uTySX+r3F61ZX3+KM1vA4m9hQyctrEGiv5XjQ==",
      "requires": {
        "apollo-cache": "^1.3.2",
        "apollo-utilities": "^1.3.2",
        "optimism": "^0.9.0",
        "ts-invariant": "^0.4.0",
        "tslib": "^1.9.3"
      }
    },
    "apollo-client": {
      "version": "2.6.3",
      "resolved": "https://registry.npmjs.org/apollo-client/-/apollo-client-2.6.3.tgz",
      "integrity": "sha512-DS8pmF5CGiiJ658dG+mDn8pmCMMQIljKJSTeMNHnFuDLV0uAPZoeaAwVFiAmB408Ujqt92oIZ/8yJJAwSIhd4A==",
      "requires": {
        "@types/zen-observable": "^0.8.0",
        "apollo-cache": "1.3.2",
        "apollo-link": "^1.0.0",
        "apollo-utilities": "1.3.2",
        "symbol-observable": "^1.0.2",
        "ts-invariant": "^0.4.0",
        "tslib": "^1.9.3",
        "zen-observable": "^0.8.0"
      }
    },
    "apollo-link": {
      "version": "1.2.12",
      "resolved": "https://registry.npmjs.org/apollo-link/-/apollo-link-1.2.12.tgz",
      "integrity": "sha512-fsgIAXPKThyMVEMWQsUN22AoQI+J/pVXcjRGAShtk97h7D8O+SPskFinCGEkxPeQpE83uKaqafB2IyWdjN+J3Q==",
      "requires": {
        "apollo-utilities": "^1.3.0",
        "ts-invariant": "^0.4.0",
        "tslib": "^1.9.3",
        "zen-observable-ts": "^0.8.19"
      }
    },
    "apollo-link-error": {
      "version": "1.1.11",
      "resolved": "https://registry.npmjs.org/apollo-link-error/-/apollo-link-error-1.1.11.tgz",
      "integrity": "sha512-442DNqn3CNRikDaenMMkoDmCRmkoUx/XyUMlRTZBEFdTw3FYPQLsmDO3hzzC4doY5/BHcn9/jdYh9EeLx4HPsA==",
      "requires": {
        "apollo-link": "^1.2.12",
        "apollo-link-http-common": "^0.2.14",
        "tslib": "^1.9.3"
      }
    },
    "apollo-link-http": {
      "version": "1.5.15",
      "resolved": "https://registry.npmjs.org/apollo-link-http/-/apollo-link-http-1.5.15.tgz",
      "integrity": "sha512-epZFhCKDjD7+oNTVK3P39pqWGn4LEhShAoA1Q9e2tDrBjItNfviiE33RmcLcCURDYyW5JA6SMgdODNI4Is8tvQ==",
      "requires": {
        "apollo-link": "^1.2.12",
        "apollo-link-http-common": "^0.2.14",
        "tslib": "^1.9.3"
      }
    },
    "apollo-link-http-common": {
      "version": "0.2.14",
      "resolved": "https://registry.npmjs.org/apollo-link-http-common/-/apollo-link-http-common-0.2.14.tgz",
      "integrity": "sha512-v6mRU1oN6XuX8beVIRB6OpF4q1ULhSnmy7ScnHnuo1qV6GaFmDcbdvXqxIkAV1Q8SQCo2lsv4HeqJOWhFfApOg==",
      "requires": {
        "apollo-link": "^1.2.12",
        "ts-invariant": "^0.4.0",
        "tslib": "^1.9.3"
      }
    },
    "apollo-utilities": {
      "version": "1.3.2",
      "resolved": "https://registry.npmjs.org/apollo-utilities/-/apollo-utilities-1.3.2.tgz",
      "integrity": "sha512-JWNHj8XChz7S4OZghV6yc9FNnzEXj285QYp/nLNh943iObycI5GTDO3NGR9Dth12LRrSFMeDOConPfPln+WGfg==",
      "requires": {
        "@wry/equality": "^0.1.2",
        "fast-json-stable-stringify": "^2.0.0",
        "ts-invariant": "^0.4.0",
        "tslib": "^1.9.3"
      }
    },
    "date-fns": {
      "version": "2.0.0-beta.3",
      "resolved": "https://registry.npmjs.org/date-fns/-/date-fns-2.0.0-beta.3.tgz",
      "integrity": "sha512-z5O262BvHPhwUvA1weXH+AZodygnZUcORERw8hjwBUrRPGrAo2e/rjXfC8Ykf1OGJZGDuLnK/WXbEZBIc0exGQ=="
    },
    "fast-json-stable-stringify": {
      "version": "2.0.0",
      "resolved": "https://registry.npmjs.org/fast-json-stable-stringify/-/fast-json-stable-stringify-2.0.0.tgz",
      "integrity": "sha1-1RQsDK7msRifh9OnYREGT4bIu/I="
    },
    "graphql": {
      "version": "14.4.2",
      "resolved": "https://registry.npmjs.org/graphql/-/graphql-14.4.2.tgz",
      "integrity": "sha512-6uQadiRgnpnSS56hdZUSvFrVcQ6OF9y6wkxJfKquFtHlnl7+KSuWwSJsdwiK1vybm1HgcdbpGkCpvhvsVQ0UZQ==",
      "requires": {
        "iterall": "^1.2.2"
      }
    },
    "graphql-tag": {
      "version": "2.10.1",
      "resolved": "https://registry.npmjs.org/graphql-tag/-/graphql-tag-2.10.1.tgz",
      "integrity": "sha512-jApXqWBzNXQ8jYa/HLkZJaVw9jgwNqZkywa2zfFn16Iv1Zb7ELNHkJaXHR7Quvd5SIGsy6Ny7SUKATgnu05uEg=="
    },
    "hoist-non-react-statics": {
      "version": "3.3.0",
      "resolved": "https://registry.npmjs.org/hoist-non-react-statics/-/hoist-non-react-statics-3.3.0.tgz",
      "integrity": "sha512-0XsbTXxgiaCDYDIWFcwkmerZPSwywfUqYmwT4jzewKTQSWoE6FCMoUVOeBJWK3E/CrWbxRG3m5GzY4lnIwGRBA==",
      "requires": {
        "react-is": "^16.7.0"
      }
    },
    "html-parse-stringify2": {
      "version": "2.0.1",
      "resolved": "https://registry.npmjs.org/html-parse-stringify2/-/html-parse-stringify2-2.0.1.tgz",
      "integrity": "sha1-3FZwtyksoVi3vJFsmmc1rIhyg0o=",
      "requires": {
        "void-elements": "^2.0.1"
      }
    },
    "i18next": {
      "version": "17.0.6",
      "resolved": "https://registry.npmjs.org/i18next/-/i18next-17.0.6.tgz",
      "integrity": "sha512-bdNhzhcM6RG5m82RypVguCrAQNie/ycxW0Q5C6K9UDWD5hqApZfdJFbj4Ikz9jxIR+Ja1eg0yCQLhlCT+opwIg==",
      "requires": {
        "@babel/runtime": "^7.3.1"
      }
    },
    "invariant": {
      "version": "2.2.4",
      "resolved": "https://registry.npmjs.org/invariant/-/invariant-2.2.4.tgz",
      "integrity": "sha512-phJfQVBuaJM5raOpJjSfkiD6BpbCE4Ns//LaXl6wGYtUBY83nWS6Rf9tXm2e8VaK60JEjYldbPif/A2B1C2gNA==",
      "requires": {
        "loose-envify": "^1.0.0"
      }
    },
    "iterall": {
      "version": "1.2.2",
      "resolved": "https://registry.npmjs.org/iterall/-/iterall-1.2.2.tgz",
      "integrity": "sha512-yynBb1g+RFUPY64fTrFv7nsjRrENBQJaX2UL+2Szc9REFrSNm1rpSXHGzhmAy7a9uv3vlvgBlXnf9RqmPH1/DA=="
    },
    "js-tokens": {
      "version": "4.0.0",
      "resolved": "https://registry.npmjs.org/js-tokens/-/js-tokens-4.0.0.tgz",
      "integrity": "sha512-RdJUflcE3cUzKiMqQgsCu06FPu9UdIJO0beYbPhHN4k6apgJtifcoCtT9bcxOpYBtpD2kCM6Sbzg4CausW/PKQ=="
    },
    "lodash.isequal": {
      "version": "4.5.0",
      "resolved": "https://registry.npmjs.org/lodash.isequal/-/lodash.isequal-4.5.0.tgz",
      "integrity": "sha1-QVxEePK8wwEgwizhDtMib30+GOA="
    },
    "loose-envify": {
      "version": "1.4.0",
      "resolved": "https://registry.npmjs.org/loose-envify/-/loose-envify-1.4.0.tgz",
      "integrity": "sha512-lyuxPGr/Wfhrlem2CL/UcnUc1zcqKAImBDzukY7Y5F/yQiNdko6+fRLevlw1HgMySw7f611UIY408EtxRSoK3Q==",
      "requires": {
        "js-tokens": "^3.0.0 || ^4.0.0"
      }
    },
    "object-assign": {
      "version": "4.1.1",
      "resolved": "https://registry.npmjs.org/object-assign/-/object-assign-4.1.1.tgz",
      "integrity": "sha1-IQmtx5ZYh8/AXLvUQsrIv7s2CGM="
    },
    "optimism": {
      "version": "0.9.6",
      "resolved": "https://registry.npmjs.org/optimism/-/optimism-0.9.6.tgz",
      "integrity": "sha512-bWr/ZP32UgFCQAoSkz33XctHwpq2via2sBvGvO5JIlrU8gaiM0LvoKj3QMle9LWdSKlzKik8XGSerzsdfYLNxA==",
      "requires": {
        "@wry/context": "^0.4.0"
      }
    },
    "path-parser": {
      "version": "4.2.0",
      "resolved": "https://registry.npmjs.org/path-parser/-/path-parser-4.2.0.tgz",
      "integrity": "sha512-MPPZiWTTp2I72VXmGQQfsn2ohrbd9QTbZSLYNS+HXsnQ37VbiLR/szO2R7DHaZA1V1scYxuxgyQerj+6kMTXtA==",
      "requires": {
        "search-params": "2.1.3"
      }
    },
    "prop-types": {
      "version": "15.7.2",
      "resolved": "https://registry.npmjs.org/prop-types/-/prop-types-15.7.2.tgz",
      "integrity": "sha512-8QQikdH7//R2vurIJSutZ1smHYTcLpRWEOlHnzcWHmBYrOGUysKwSsrC89BCiFj3CbrfJ/nXFdJepOVrY1GCHQ==",
      "requires": {
        "loose-envify": "^1.4.0",
        "object-assign": "^4.1.1",
        "react-is": "^16.8.1"
      }
    },
    "react": {
      "version": "16.8.6",
      "resolved": "https://registry.npmjs.org/react/-/react-16.8.6.tgz",
      "integrity": "sha512-pC0uMkhLaHm11ZSJULfOBqV4tIZkx87ZLvbbQYunNixAAvjnC+snJCg0XQXn9VIsttVsbZP/H/ewzgsd5fxKXw==",
      "requires": {
        "loose-envify": "^1.1.0",
        "object-assign": "^4.1.1",
        "prop-types": "^15.6.2",
        "scheduler": "^0.13.6"
      }
    },
    "react-apollo": {
      "version": "2.5.8",
      "resolved": "https://registry.npmjs.org/react-apollo/-/react-apollo-2.5.8.tgz",
      "integrity": "sha512-60yOQrnNosxU/tRbOxGDaYNLFcOKmQqxHPhxyvKTlGIaF/rRCXQRKixUgWVffpEupSHHD7psY5k5ZOuZsdsSGQ==",
      "requires": {
        "apollo-utilities": "^1.3.0",
        "fast-json-stable-stringify": "^2.0.0",
        "hoist-non-react-statics": "^3.3.0",
        "lodash.isequal": "^4.5.0",
        "prop-types": "^15.7.2",
        "ts-invariant": "^0.4.2",
        "tslib": "^1.9.3"
      }
    },
    "react-dom": {
      "version": "16.8.6",
      "resolved": "https://registry.npmjs.org/react-dom/-/react-dom-16.8.6.tgz",
      "integrity": "sha512-1nL7PIq9LTL3fthPqwkvr2zY7phIPjYrT0jp4HjyEQrEROnw4dG41VVwi/wfoCneoleqrNX7iAD+pXebJZwrwA==",
      "requires": {
        "loose-envify": "^1.1.0",
        "object-assign": "^4.1.1",
        "prop-types": "^15.6.2",
        "scheduler": "^0.13.6"
      }
    },
    "react-i18next": {
      "version": "10.11.4",
      "resolved": "https://registry.npmjs.org/react-i18next/-/react-i18next-10.11.4.tgz",
      "integrity": "sha512-/CWXaf3a5BLNeVnBGxzWOIZLQgSNEc2LWHX4ZaJb7ww0xgY0S5K9HRAMzJIHeHGe7jfpSraprD66VDblWb4ZXA==",
      "requires": {
        "@babel/runtime": "^7.3.1",
        "html-parse-stringify2": "2.0.1"
      }
    },
    "react-is": {
      "version": "16.8.6",
      "resolved": "https://registry.npmjs.org/react-is/-/react-is-16.8.6.tgz",
      "integrity": "sha512-aUk3bHfZ2bRSVFFbbeVS4i+lNPZr3/WM5jT2J5omUVV1zzcs1nAaf3l51ctA5FFvCRbhrH0bdAsRRQddFJZPtA=="
    },
    "react-redux": {
      "version": "7.1.0",
      "resolved": "https://registry.npmjs.org/react-redux/-/react-redux-7.1.0.tgz",
      "integrity": "sha512-hyu/PoFK3vZgdLTg9ozbt7WF3GgX5+Yn3pZm5/96/o4UueXA+zj08aiSC9Mfj2WtD1bvpIb3C5yvskzZySzzaw==",
      "requires": {
        "@babel/runtime": "^7.4.5",
        "hoist-non-react-statics": "^3.3.0",
        "invariant": "^2.2.4",
        "loose-envify": "^1.4.0",
        "prop-types": "^15.7.2",
        "react-is": "^16.8.6"
      }
    },
    "react-router5": {
      "version": "7.1.0",
      "resolved": "https://registry.npmjs.org/react-router5/-/react-router5-7.1.0.tgz",
      "integrity": "sha512-OVMaRPOhJP5/1U2ExEz9kpv/cdnpt08bKo/+bUgsimDTJ+eD0NrM4wqa1nkpZFUJaICfHccjuHfcxcA5/N0cDw==",
      "requires": {
        "prop-types": "~15.6.2",
        "router5-transition-path": "^7.0.1"
      },
      "dependencies": {
        "prop-types": {
          "version": "15.6.2",
          "resolved": "https://registry.npmjs.org/prop-types/-/prop-types-15.6.2.tgz",
          "integrity": "sha512-3pboPvLiWD7dkI3qf3KbUe6hKFKa52w+AE0VCqECtf+QHAKgOL37tTaNCnuX1nAAQ4ZhyP+kYVKf8rLmJ/feDQ==",
          "requires": {
            "loose-envify": "^1.3.1",
            "object-assign": "^4.1.1"
          }
        }
      }
    },
    "redux": {
      "version": "4.0.4",
      "resolved": "https://registry.npmjs.org/redux/-/redux-4.0.4.tgz",
      "integrity": "sha512-vKv4WdiJxOWKxK0yRoaK3Y4pxxB0ilzVx6dszU2W8wLxlb2yikRph4iV/ymtdJ6ZxpBLFbyrxklnT5yBbQSl3Q==",
      "requires": {
        "loose-envify": "^1.4.0",
        "symbol-observable": "^1.2.0"
      }
    },
    "refract-redux-rxjs": {
      "version": "1.4.0",
      "resolved": "https://registry.npmjs.org/refract-redux-rxjs/-/refract-redux-rxjs-1.4.0.tgz",
      "integrity": "sha512-YarHnaVKp8mtQQnUOzFHN1IAi6fV3stMTFyIEmIW5rUlrV2YcROb5JzOHBNxmnRDb4QkBGxaDnvVgJflp8gCOg=="
    },
    "refract-rxjs": {
      "version": "4.2.1",
      "resolved": "https://registry.npmjs.org/refract-rxjs/-/refract-rxjs-4.2.1.tgz",
      "integrity": "sha512-l4Z3MrMF6OxxnAMTNQ8nuhzxFPeTDXhNCyirowzdKrx0ciq70twqxzTB+lglM7e3SXHfM1iIwOyrxBvYCKn0xw=="
    },
    "regenerator-runtime": {
      "version": "0.13.3",
      "resolved": "https://registry.npmjs.org/regenerator-runtime/-/regenerator-runtime-0.13.3.tgz",
      "integrity": "sha512-naKIZz2GQ8JWh///G7L3X6LaQUAMp2lvb1rvwwsURe/VXwD6VMfr+/1NuNw3ag8v2kY1aQ/go5SNn79O9JU7yw=="
    },
    "route-node": {
      "version": "3.4.2",
      "resolved": "https://registry.npmjs.org/route-node/-/route-node-3.4.2.tgz",
      "integrity": "sha512-MDIllr+xwmzSKQh49Ls1g66LIH9JisXh15WXyu4hAYW95mrTSRWr7bqc23hcrjZpehTmSNOb64ZiHBgsHUArog==",
      "requires": {
        "path-parser": "4.2.0",
        "search-params": "2.1.3"
      }
    },
    "router5": {
      "version": "7.0.2",
      "resolved": "https://registry.npmjs.org/router5/-/router5-7.0.2.tgz",
      "integrity": "sha512-QPTKHjJVn8pozHoPvVREGTogo06M/1dY6UHMMUyoAc7gG3UMx5QBMjyiREnqtac0U0Cp4T5RsZ0bkBXNsSjfYg==",
      "requires": {
        "route-node": "3.4.2",
        "router5-transition-path": "^7.0.1",
        "symbol-observable": "1.2.0"
      }
    },
    "router5-plugin-browser": {
      "version": "7.0.2",
      "resolved": "https://registry.npmjs.org/router5-plugin-browser/-/router5-plugin-browser-7.0.2.tgz",
      "integrity": "sha512-iDrHIDVj6wyvJBKo6fTTkrQor8/vKOXOJQD30HnFcWMHP0Amiu3vzEi6HwM3HjTr5L1AKVzMINBI3fonsdINkw=="
    },
    "router5-transition-path": {
      "version": "7.0.1",
      "resolved": "https://registry.npmjs.org/router5-transition-path/-/router5-transition-path-7.0.1.tgz",
      "integrity": "sha512-ZAiz78ey4T1CDjgFiOUK4fX6AF5ZC8tuw4jCpfsfHWFt5r6URtx/2Sc1ENFPkA6Yrl2crUCGxVWUZCBFwtH9GA=="
    },
    "rxjs": {
      "version": "6.5.2",
      "resolved": "https://registry.npmjs.org/rxjs/-/rxjs-6.5.2.tgz",
      "integrity": "sha512-HUb7j3kvb7p7eCUHE3FqjoDsC1xfZQ4AHFWfTKSpZ+sAhhz5X1WX0ZuUqWbzB2QhSLp3DoLUG+hMdEDKqWo2Zg==",
      "requires": {
        "tslib": "^1.9.0"
      }
    },
    "scheduler": {
      "version": "0.13.6",
      "resolved": "https://registry.npmjs.org/scheduler/-/scheduler-0.13.6.tgz",
      "integrity": "sha512-IWnObHt413ucAYKsD9J1QShUKkbKLQQHdxRyw73sw4FN26iWr3DY/H34xGPe4nmL1DwXyWmSWmMrA9TfQbE/XQ==",
      "requires": {
        "loose-envify": "^1.1.0",
        "object-assign": "^4.1.1"
      }
    },
    "search-params": {
      "version": "2.1.3",
      "resolved": "https://registry.npmjs.org/search-params/-/search-params-2.1.3.tgz",
      "integrity": "sha512-hHxU9ZGWpZ/lrFBIHndSnQae2in7ra+m+tBSoeAahSWDDgOgpZqs4bfaTZpljgNgAgTbjiQoJtZW6FKSsfEcDA=="
    },
    "symbol-observable": {
      "version": "1.2.0",
      "resolved": "https://registry.npmjs.org/symbol-observable/-/symbol-observable-1.2.0.tgz",
      "integrity": "sha512-e900nM8RRtGhlV36KGEU9k65K3mPb1WV70OdjfxlG2EAuM1noi/E/BaW/uMhL7bPEssK8QV57vN3esixjUvcXQ=="
    },
    "ts-invariant": {
      "version": "0.4.4",
      "resolved": "https://registry.npmjs.org/ts-invariant/-/ts-invariant-0.4.4.tgz",
      "integrity": "sha512-uEtWkFM/sdZvRNNDL3Ehu4WVpwaulhwQszV8mrtcdeE8nN00BV9mAmQ88RkrBhFgl9gMgvjJLAQcZbnPXI9mlA==",
      "requires": {
        "tslib": "^1.9.3"
      }
    },
    "tslib": {
      "version": "1.10.0",
      "resolved": "https://registry.npmjs.org/tslib/-/tslib-1.10.0.tgz",
      "integrity": "sha512-qOebF53frne81cf0S9B41ByenJ3/IuH8yJKngAX35CmiZySA0khhkovshKK+jGCaMnVomla7gVlIcc3EvKPbTQ=="
    },
    "void-elements": {
      "version": "2.0.1",
      "resolved": "https://registry.npmjs.org/void-elements/-/void-elements-2.0.1.tgz",
      "integrity": "sha1-wGavtYK7HLQSjWDqkjkulNXp2+w="
    },
    "zen-observable": {
      "version": "0.8.14",
      "resolved": "https://registry.npmjs.org/zen-observable/-/zen-observable-0.8.14.tgz",
      "integrity": "sha512-kQz39uonEjEESwh+qCi83kcC3rZJGh4mrZW7xjkSQYXkq//JZHTtKo+6yuVloTgMtzsIWOJrjIrKvk/dqm0L5g=="
    },
    "zen-observable-ts": {
      "version": "0.8.19",
      "resolved": "https://registry.npmjs.org/zen-observable-ts/-/zen-observable-ts-0.8.19.tgz",
      "integrity": "sha512-u1a2rpE13G+jSzrg3aiCqXU5tN2kw41b+cBZGmnc+30YimdkKiDj9bTowcB41eL77/17RF/h+393AuVgShyheQ==",
      "requires": {
        "tslib": "^1.9.3",
        "zen-observable": "^0.8.0"
      }
    }
  }
}
