{
  "name": "antr-client",
  "requires": true,
  "lockfileVersion": 1,
  "dependencies": {
    "@apollo/react-common": {
      "version": "3.0.1",
      "resolved": "https://registry.npmjs.org/@apollo/react-common/-/react-common-3.0.1.tgz",
      "integrity": "sha512-7SC4qqPFo/41AhaQKCRovIshKkm4JLEGXyRHi+NPsaNJyk2J/HrWREnlHVqoPzYeIyq33f1L6j/NAkKn1NOnnQ==",
      "requires": {
        "ts-invariant": "^0.4.4",
        "tslib": "^1.10.0"
      }
    },
    "@apollo/react-components": {
      "version": "3.0.1",
      "resolved": "https://registry.npmjs.org/@apollo/react-components/-/react-components-3.0.1.tgz",
      "integrity": "sha512-IQwcwv+ItW/QHUeO2zQH+CJGnqepPwwShD9H6+v1ptLvixggodr7S4KalNKXgRUVJsoPBFiVgpTMoJe3h4+Eyg==",
      "requires": {
        "@apollo/react-common": "^3.0.1",
        "@apollo/react-hooks": "^3.0.1",
        "prop-types": "^15.7.2",
        "ts-invariant": "^0.4.4",
        "tslib": "^1.10.0"
      }
    },
    "@apollo/react-hoc": {
      "version": "3.0.1",
      "resolved": "https://registry.npmjs.org/@apollo/react-hoc/-/react-hoc-3.0.1.tgz",
      "integrity": "sha512-sKt0/xjr6jknJztJRWA0zX9wUY/xBq6lwyqPxrRM72hCatz/BSi1tgVv9LMHTA0aJPBK79pWXFq/EeiXW2LkVw==",
      "requires": {
        "@apollo/react-common": "^3.0.1",
        "@apollo/react-components": "^3.0.1",
        "hoist-non-react-statics": "^3.3.0",
        "ts-invariant": "^0.4.4",
        "tslib": "^1.10.0"
      }
    },
    "@apollo/react-hooks": {
      "version": "3.0.1",
      "resolved": "https://registry.npmjs.org/@apollo/react-hooks/-/react-hooks-3.0.1.tgz",
      "integrity": "sha512-Boai/T+2z3m23Gy82m1pB+FOlrhkBJ//EIYa3pqX9sUsvgRWMKC+3NxpeHEUYqsf0qzFiM1dO4Pn9OxCFstM8g==",
      "requires": {
        "@apollo/react-common": "^3.0.1",
        "@wry/equality": "^0.1.9",
        "ts-invariant": "^0.4.4",
        "tslib": "^1.10.0"
      }
    },
    "@apollo/react-ssr": {
      "version": "3.0.1",
      "resolved": "https://registry.npmjs.org/@apollo/react-ssr/-/react-ssr-3.0.1.tgz",
      "integrity": "sha512-eeAaajIH1zbMk+zigNAlEeyVH80ELrsjvRCcQxH80+THgnJx/hgkKfmhG2p1q2Djefyv6VfImAwd4xqX6/LRSA==",
      "requires": {
        "@apollo/react-common": "^3.0.1",
        "@apollo/react-hooks": "^3.0.1",
        "tslib": "^1.10.0"
      }
    },
    "@babel/runtime": {
      "version": "7.5.5",
      "resolved": "https://registry.npmjs.org/@babel/runtime/-/runtime-7.5.5.tgz",
      "integrity": "sha512-28QvEGyQyNkB0/m2B4FU7IEZGK2NUrcMtT6BZEFALTguLk+AUT6ofsHtPk5QyjAdUkpMJ+/Em+quwz4HOt30AQ==",
      "requires": {
        "regenerator-runtime": "^0.13.2"
      }
    },
    "@types/node": {
      "version": "12.7.2",
      "resolved": "https://registry.npmjs.org/@types/node/-/node-12.7.2.tgz",
      "integrity": "sha512-dyYO+f6ihZEtNPDcWNR1fkoTDf3zAK3lAABDze3mz6POyIercH0lEUawUFXlG8xaQZmm1yEBON/4TsYv/laDYg=="
    },
    "@types/zen-observable": {
      "version": "0.8.0",
      "resolved": "https://registry.npmjs.org/@types/zen-observable/-/zen-observable-0.8.0.tgz",
      "integrity": "sha512-te5lMAWii1uEJ4FwLjzdlbw3+n0FZNOvFXHxQDKeT0dilh7HOzdMzV2TrJVUzq8ep7J4Na8OUYPRLSQkJHAlrg=="
    },
    "@wry/context": {
      "version": "0.4.4",
      "resolved": "https://registry.npmjs.org/@wry/context/-/context-0.4.4.tgz",
      "integrity": "sha512-LrKVLove/zw6h2Md/KZyWxIkFM6AoyKp71OqpH9Hiip1csjPVoD3tPxlbQUNxEnHENks3UGgNpSBCAfq9KWuag==",
      "requires": {
        "@types/node": ">=6",
        "tslib": "^1.9.3"
      }
    },
    "@wry/equality": {
      "version": "0.1.9",
      "resolved": "https://registry.npmjs.org/@wry/equality/-/equality-0.1.9.tgz",
      "integrity": "sha512-mB6ceGjpMGz1ZTza8HYnrPGos2mC6So4NhS1PtZ8s4Qt0K7fBiIGhpSxUbQmhwcSWE3no+bYxmI2OL6KuXYmoQ==",
      "requires": {
        "tslib": "^1.9.3"
      }
    },
    "after": {
      "version": "0.8.2",
      "resolved": "https://registry.npmjs.org/after/-/after-0.8.2.tgz",
      "integrity": "sha1-/ts5T58OAqqXaOcCvaI7UF+ufh8="
    },
    "apollo-boost": {
      "version": "0.4.4",
      "resolved": "https://registry.npmjs.org/apollo-boost/-/apollo-boost-0.4.4.tgz",
      "integrity": "sha512-ASngBvazmp9xNxXfJ2InAzfDwz65o4lswlEPrWoN35scXmCz8Nz4k3CboUXbrcN/G0IExkRf/W7o9Rg0cjEBqg==",
      "requires": {
        "apollo-cache": "^1.3.2",
        "apollo-cache-inmemory": "^1.6.3",
        "apollo-client": "^2.6.4",
        "apollo-link": "^1.0.6",
        "apollo-link-error": "^1.0.3",
        "apollo-link-http": "^1.3.1",
        "graphql-tag": "^2.4.2",
        "ts-invariant": "^0.4.0",
        "tslib": "^1.9.3"
      }
    },
    "apollo-cache": {
      "version": "1.3.2",
      "resolved": "https://registry.npmjs.org/apollo-cache/-/apollo-cache-1.3.2.tgz",
      "integrity": "sha512-+KA685AV5ETEJfjZuviRTEImGA11uNBp/MJGnaCvkgr+BYRrGLruVKBv6WvyFod27WEB2sp7SsG8cNBKANhGLg==",
      "requires": {
        "apollo-utilities": "^1.3.2",
        "tslib": "^1.9.3"
      }
    },
    "apollo-cache-inmemory": {
      "version": "1.6.3",
      "resolved": "https://registry.npmjs.org/apollo-cache-inmemory/-/apollo-cache-inmemory-1.6.3.tgz",
      "integrity": "sha512-S4B/zQNSuYc0M/1Wq8dJDTIO9yRgU0ZwDGnmlqxGGmFombOZb9mLjylewSfQKmjNpciZ7iUIBbJ0mHlPJTzdXg==",
      "requires": {
        "apollo-cache": "^1.3.2",
        "apollo-utilities": "^1.3.2",
        "optimism": "^0.10.0",
        "ts-invariant": "^0.4.0",
        "tslib": "^1.9.3"
      }
    },
    "apollo-client": {
      "version": "2.6.4",
      "resolved": "https://registry.npmjs.org/apollo-client/-/apollo-client-2.6.4.tgz",
      "integrity": "sha512-oWOwEOxQ9neHHVZrQhHDbI6bIibp9SHgxaLRVPoGvOFy7OH5XUykZE7hBQAVxq99tQjBzgytaZffQkeWo1B4VQ==",
      "requires": {
        "@types/zen-observable": "^0.8.0",
        "apollo-cache": "1.3.2",
        "apollo-link": "^1.0.0",
        "apollo-utilities": "1.3.2",
        "symbol-observable": "^1.0.2",
        "ts-invariant": "^0.4.0",
        "tslib": "^1.9.3",
        "zen-observable": "^0.8.0"
      }
    },
    "apollo-link": {
      "version": "1.2.12",
      "resolved": "https://registry.npmjs.org/apollo-link/-/apollo-link-1.2.12.tgz",
      "integrity": "sha512-fsgIAXPKThyMVEMWQsUN22AoQI+J/pVXcjRGAShtk97h7D8O+SPskFinCGEkxPeQpE83uKaqafB2IyWdjN+J3Q==",
      "requires": {
        "apollo-utilities": "^1.3.0",
        "ts-invariant": "^0.4.0",
        "tslib": "^1.9.3",
        "zen-observable-ts": "^0.8.19"
      }
    },
    "apollo-link-error": {
      "version": "1.1.11",
      "resolved": "https://registry.npmjs.org/apollo-link-error/-/apollo-link-error-1.1.11.tgz",
      "integrity": "sha512-442DNqn3CNRikDaenMMkoDmCRmkoUx/XyUMlRTZBEFdTw3FYPQLsmDO3hzzC4doY5/BHcn9/jdYh9EeLx4HPsA==",
      "requires": {
        "apollo-link": "^1.2.12",
        "apollo-link-http-common": "^0.2.14",
        "tslib": "^1.9.3"
      }
    },
    "apollo-link-http": {
      "version": "1.5.15",
      "resolved": "https://registry.npmjs.org/apollo-link-http/-/apollo-link-http-1.5.15.tgz",
      "integrity": "sha512-epZFhCKDjD7+oNTVK3P39pqWGn4LEhShAoA1Q9e2tDrBjItNfviiE33RmcLcCURDYyW5JA6SMgdODNI4Is8tvQ==",
      "requires": {
        "apollo-link": "^1.2.12",
        "apollo-link-http-common": "^0.2.14",
        "tslib": "^1.9.3"
      }
    },
    "apollo-link-http-common": {
      "version": "0.2.14",
      "resolved": "https://registry.npmjs.org/apollo-link-http-common/-/apollo-link-http-common-0.2.14.tgz",
      "integrity": "sha512-v6mRU1oN6XuX8beVIRB6OpF4q1ULhSnmy7ScnHnuo1qV6GaFmDcbdvXqxIkAV1Q8SQCo2lsv4HeqJOWhFfApOg==",
      "requires": {
        "apollo-link": "^1.2.12",
        "ts-invariant": "^0.4.0",
        "tslib": "^1.9.3"
      }
    },
    "apollo-utilities": {
      "version": "1.3.2",
      "resolved": "https://registry.npmjs.org/apollo-utilities/-/apollo-utilities-1.3.2.tgz",
      "integrity": "sha512-JWNHj8XChz7S4OZghV6yc9FNnzEXj285QYp/nLNh943iObycI5GTDO3NGR9Dth12LRrSFMeDOConPfPln+WGfg==",
      "requires": {
        "@wry/equality": "^0.1.2",
        "fast-json-stable-stringify": "^2.0.0",
        "ts-invariant": "^0.4.0",
        "tslib": "^1.9.3"
      }
    },
    "arraybuffer.slice": {
      "version": "0.0.7",
      "resolved": "https://registry.npmjs.org/arraybuffer.slice/-/arraybuffer.slice-0.0.7.tgz",
      "integrity": "sha512-wGUIVQXuehL5TCqQun8OW81jGzAWycqzFF8lFp+GOM5BXLYj3bKNsYC4daB7n6XjCqxQA/qgTJ+8ANR3acjrog=="
    },
    "async-limiter": {
      "version": "1.0.1",
      "resolved": "https://registry.npmjs.org/async-limiter/-/async-limiter-1.0.1.tgz",
      "integrity": "sha512-csOlWGAcRFJaI6m+F2WKdnMKr4HhdhFVBk0H/QbJFMCr+uO2kwohwXQPxw/9OCxp05r5ghVBFSyioixx3gfkNQ=="
    },
    "backo2": {
      "version": "1.0.2",
      "resolved": "https://registry.npmjs.org/backo2/-/backo2-1.0.2.tgz",
      "integrity": "sha1-MasayLEpNjRj41s+u2n038+6eUc="
    },
    "base64-arraybuffer": {
      "version": "0.1.5",
      "resolved": "https://registry.npmjs.org/base64-arraybuffer/-/base64-arraybuffer-0.1.5.tgz",
      "integrity": "sha1-c5JncZI7Whl0etZmqlzUv5xunOg="
    },
    "better-assert": {
      "version": "1.0.2",
      "resolved": "https://registry.npmjs.org/better-assert/-/better-assert-1.0.2.tgz",
      "integrity": "sha1-QIZrnhueC1W0gYlDEeaPr/rrxSI=",
      "requires": {
        "callsite": "1.0.0"
      }
    },
    "blob": {
      "version": "0.0.5",
      "resolved": "https://registry.npmjs.org/blob/-/blob-0.0.5.tgz",
      "integrity": "sha512-gaqbzQPqOoamawKg0LGVd7SzLgXS+JH61oWprSLH+P+abTczqJbhTR8CmJ2u9/bUYNmHTGJx/UEmn6doAvvuig=="
    },
    "callsite": {
      "version": "1.0.0",
      "resolved": "https://registry.npmjs.org/callsite/-/callsite-1.0.0.tgz",
      "integrity": "sha1-KAOY5dZkvXQDi28JBRU+borxvCA="
    },
    "component-bind": {
      "version": "1.0.0",
      "resolved": "https://registry.npmjs.org/component-bind/-/component-bind-1.0.0.tgz",
      "integrity": "sha1-AMYIq33Nk4l8AAllGx06jh5zu9E="
    },
    "component-emitter": {
      "version": "1.2.1",
      "resolved": "https://registry.npmjs.org/component-emitter/-/component-emitter-1.2.1.tgz",
      "integrity": "sha1-E3kY1teCg/ffemt8WmPhQOaUJeY="
    },
    "component-inherit": {
      "version": "0.0.3",
      "resolved": "https://registry.npmjs.org/component-inherit/-/component-inherit-0.0.3.tgz",
      "integrity": "sha1-ZF/ErfWLcrZJ1crmUTVhnbJv8UM="
    },
    "date-fns": {
      "version": "2.0.0",
      "resolved": "https://registry.npmjs.org/date-fns/-/date-fns-2.0.0.tgz",
      "integrity": "sha512-nGZDA64Ktq5uTWV4LEH3qX+foV4AguT5qxwRlJDzJtf57d4xLNwtwrfb7SzKCoikoae8Bvxf0zdaEG/xWssp/w=="
    },
    "debug": {
      "version": "3.1.0",
      "resolved": "https://registry.npmjs.org/debug/-/debug-3.1.0.tgz",
      "integrity": "sha512-OX8XqP7/1a9cqkxYw2yXss15f26NKWBpDXQd0/uK/KPqdQhxbPa994hnzjcE2VqQpDslf55723cKPUOGSmMY3g==",
      "requires": {
        "ms": "2.0.0"
      }
    },
    "engine.io-client": {
      "version": "3.3.2",
      "resolved": "https://registry.npmjs.org/engine.io-client/-/engine.io-client-3.3.2.tgz",
      "integrity": "sha512-y0CPINnhMvPuwtqXfsGuWE8BB66+B6wTtCofQDRecMQPYX3MYUZXFNKDhdrSe3EVjgOu4V3rxdeqN/Tr91IgbQ==",
      "requires": {
        "component-emitter": "1.2.1",
        "component-inherit": "0.0.3",
        "debug": "~3.1.0",
        "engine.io-parser": "~2.1.1",
        "has-cors": "1.1.0",
        "indexof": "0.0.1",
        "parseqs": "0.0.5",
        "parseuri": "0.0.5",
        "ws": "~6.1.0",
        "xmlhttprequest-ssl": "~1.5.4",
        "yeast": "0.1.2"
      }
    },
    "engine.io-parser": {
      "version": "2.1.3",
      "resolved": "https://registry.npmjs.org/engine.io-parser/-/engine.io-parser-2.1.3.tgz",
      "integrity": "sha512-6HXPre2O4Houl7c4g7Ic/XzPnHBvaEmN90vtRO9uLmwtRqQmTOw0QMevL1TOfL2Cpu1VzsaTmMotQgMdkzGkVA==",
      "requires": {
        "after": "0.8.2",
        "arraybuffer.slice": "~0.0.7",
        "base64-arraybuffer": "0.1.5",
        "blob": "0.0.5",
        "has-binary2": "~1.0.2"
      }
    },
    "fast-json-stable-stringify": {
      "version": "2.0.0",
      "resolved": "https://registry.npmjs.org/fast-json-stable-stringify/-/fast-json-stable-stringify-2.0.0.tgz",
      "integrity": "sha1-1RQsDK7msRifh9OnYREGT4bIu/I="
    },
    "graphql": {
      "version": "14.5.0",
      "resolved": "https://registry.npmjs.org/graphql/-/graphql-14.5.0.tgz",
      "integrity": "sha512-wnGcTD181L2xPnIwHHjx/moV4ulxA2Kms9zcUY+B/SIrK+2N+iOC6WNgnR2zVTmg1Z8P+CZq5KXibTnatg3WUw==",
      "requires": {
        "iterall": "^1.2.2"
      }
    },
    "graphql-tag": {
      "version": "2.10.1",
      "resolved": "https://registry.npmjs.org/graphql-tag/-/graphql-tag-2.10.1.tgz",
      "integrity": "sha512-jApXqWBzNXQ8jYa/HLkZJaVw9jgwNqZkywa2zfFn16Iv1Zb7ELNHkJaXHR7Quvd5SIGsy6Ny7SUKATgnu05uEg=="
    },
    "has-binary2": {
      "version": "1.0.3",
      "resolved": "https://registry.npmjs.org/has-binary2/-/has-binary2-1.0.3.tgz",
      "integrity": "sha512-G1LWKhDSvhGeAQ8mPVQlqNcOB2sJdwATtZKl2pDKKHfpf/rYj24lkinxf69blJbnsvtqqNU+L3SL50vzZhXOnw==",
      "requires": {
        "isarray": "2.0.1"
      }
    },
    "has-cors": {
      "version": "1.1.0",
      "resolved": "https://registry.npmjs.org/has-cors/-/has-cors-1.1.0.tgz",
      "integrity": "sha1-XkdHk/fqmEPRu5nCPu9J/xJv/zk="
    },
    "hoist-non-react-statics": {
      "version": "3.3.0",
      "resolved": "https://registry.npmjs.org/hoist-non-react-statics/-/hoist-non-react-statics-3.3.0.tgz",
      "integrity": "sha512-0XsbTXxgiaCDYDIWFcwkmerZPSwywfUqYmwT4jzewKTQSWoE6FCMoUVOeBJWK3E/CrWbxRG3m5GzY4lnIwGRBA==",
      "requires": {
        "react-is": "^16.7.0"
      }
    },
    "html-parse-stringify2": {
      "version": "2.0.1",
      "resolved": "https://registry.npmjs.org/html-parse-stringify2/-/html-parse-stringify2-2.0.1.tgz",
      "integrity": "sha1-3FZwtyksoVi3vJFsmmc1rIhyg0o=",
      "requires": {
        "void-elements": "^2.0.1"
      }
    },
    "i18next": {
      "version": "17.0.12",
      "resolved": "https://registry.npmjs.org/i18next/-/i18next-17.0.12.tgz",
      "integrity": "sha512-FoYYnORcAMNznVXSpwJ1zVGL8kXcv1JUmvTqoQyuPPRncBq9rd7Mi0I/oVXkGR3YIek5dDiunvA/NGG2o+mMuw==",
      "requires": {
        "@babel/runtime": "^7.3.1"
      }
    },
    "indexof": {
      "version": "0.0.1",
      "resolved": "https://registry.npmjs.org/indexof/-/indexof-0.0.1.tgz",
      "integrity": "sha1-gtwzbSMrkGIXnQWrMpOmYFn9Q10="
    },
    "invariant": {
      "version": "2.2.4",
      "resolved": "https://registry.npmjs.org/invariant/-/invariant-2.2.4.tgz",
      "integrity": "sha512-phJfQVBuaJM5raOpJjSfkiD6BpbCE4Ns//LaXl6wGYtUBY83nWS6Rf9tXm2e8VaK60JEjYldbPif/A2B1C2gNA==",
      "requires": {
        "loose-envify": "^1.0.0"
      }
    },
    "isarray": {
      "version": "2.0.1",
      "resolved": "https://registry.npmjs.org/isarray/-/isarray-2.0.1.tgz",
      "integrity": "sha1-o32U7ZzaLVmGXJ92/llu4fM4dB4="
    },
    "iterall": {
      "version": "1.2.2",
      "resolved": "https://registry.npmjs.org/iterall/-/iterall-1.2.2.tgz",
      "integrity": "sha512-yynBb1g+RFUPY64fTrFv7nsjRrENBQJaX2UL+2Szc9REFrSNm1rpSXHGzhmAy7a9uv3vlvgBlXnf9RqmPH1/DA=="
    },
    "js-tokens": {
      "version": "4.0.0",
      "resolved": "https://registry.npmjs.org/js-tokens/-/js-tokens-4.0.0.tgz",
      "integrity": "sha512-RdJUflcE3cUzKiMqQgsCu06FPu9UdIJO0beYbPhHN4k6apgJtifcoCtT9bcxOpYBtpD2kCM6Sbzg4CausW/PKQ=="
    },
    "loose-envify": {
      "version": "1.4.0",
      "resolved": "https://registry.npmjs.org/loose-envify/-/loose-envify-1.4.0.tgz",
      "integrity": "sha512-lyuxPGr/Wfhrlem2CL/UcnUc1zcqKAImBDzukY7Y5F/yQiNdko6+fRLevlw1HgMySw7f611UIY408EtxRSoK3Q==",
      "requires": {
        "js-tokens": "^3.0.0 || ^4.0.0"
      }
    },
    "ms": {
      "version": "2.0.0",
      "resolved": "https://registry.npmjs.org/ms/-/ms-2.0.0.tgz",
      "integrity": "sha1-VgiurfwAvmwpAd9fmGF4jeDVl8g="
    },
    "object-assign": {
      "version": "4.1.1",
      "resolved": "https://registry.npmjs.org/object-assign/-/object-assign-4.1.1.tgz",
      "integrity": "sha1-IQmtx5ZYh8/AXLvUQsrIv7s2CGM="
    },
    "object-component": {
      "version": "0.0.3",
      "resolved": "https://registry.npmjs.org/object-component/-/object-component-0.0.3.tgz",
      "integrity": "sha1-8MaapQ78lbhmwYb0AKM3acsvEpE="
    },
    "optimism": {
      "version": "0.10.2",
      "resolved": "https://registry.npmjs.org/optimism/-/optimism-0.10.2.tgz",
      "integrity": "sha512-zPfBIxFFWMmQboM9+Z4MSJqc1PXp82v1PFq/GfQaufI69mHKlup7ykGNnfuGIGssXJQkmhSodQ/k9EWwjd8O8A==",
      "requires": {
        "@wry/context": "^0.4.0"
      }
    },
    "parseqs": {
      "version": "0.0.5",
      "resolved": "https://registry.npmjs.org/parseqs/-/parseqs-0.0.5.tgz",
      "integrity": "sha1-1SCKNzjkZ2bikbouoXNoSSGouJ0=",
      "requires": {
        "better-assert": "~1.0.0"
      }
    },
    "parseuri": {
      "version": "0.0.5",
      "resolved": "https://registry.npmjs.org/parseuri/-/parseuri-0.0.5.tgz",
      "integrity": "sha1-gCBKUNTbt3m/3G6+J3jZDkvOMgo=",
      "requires": {
        "better-assert": "~1.0.0"
      }
    },
    "path-parser": {
      "version": "4.2.0",
      "resolved": "https://registry.npmjs.org/path-parser/-/path-parser-4.2.0.tgz",
      "integrity": "sha512-MPPZiWTTp2I72VXmGQQfsn2ohrbd9QTbZSLYNS+HXsnQ37VbiLR/szO2R7DHaZA1V1scYxuxgyQerj+6kMTXtA==",
      "requires": {
        "search-params": "2.1.3"
      }
    },
    "prop-types": {
      "version": "15.7.2",
      "resolved": "https://registry.npmjs.org/prop-types/-/prop-types-15.7.2.tgz",
      "integrity": "sha512-8QQikdH7//R2vurIJSutZ1smHYTcLpRWEOlHnzcWHmBYrOGUysKwSsrC89BCiFj3CbrfJ/nXFdJepOVrY1GCHQ==",
      "requires": {
        "loose-envify": "^1.4.0",
        "object-assign": "^4.1.1",
        "react-is": "^16.8.1"
      }
    },
    "react": {
      "version": "16.9.0",
      "resolved": "https://registry.npmjs.org/react/-/react-16.9.0.tgz",
      "integrity": "sha512-+7LQnFBwkiw+BobzOF6N//BdoNw0ouwmSJTEm9cglOOmsg/TMiFHZLe2sEoN5M7LgJTj9oHH0gxklfnQe66S1w==",
      "requires": {
        "loose-envify": "^1.1.0",
        "object-assign": "^4.1.1",
        "prop-types": "^15.6.2"
      }
    },
    "react-apollo": {
      "version": "3.0.1",
      "resolved": "https://registry.npmjs.org/react-apollo/-/react-apollo-3.0.1.tgz",
      "integrity": "sha512-2hsSYBfxPqPquS8CupWq+U+6XuDfr/Rr1ssXwfOTYe5gCyTthdUqafIm+pyStur9X2W4ZNQMFyjVicsPNq2tnA==",
      "requires": {
        "@apollo/react-common": "^3.0.1",
        "@apollo/react-components": "^3.0.1",
        "@apollo/react-hoc": "^3.0.1",
        "@apollo/react-hooks": "^3.0.1",
        "@apollo/react-ssr": "^3.0.1"
      }
    },
    "react-dom": {
      "version": "16.9.0",
      "resolved": "https://registry.npmjs.org/react-dom/-/react-dom-16.9.0.tgz",
      "integrity": "sha512-YFT2rxO9hM70ewk9jq0y6sQk8cL02xm4+IzYBz75CQGlClQQ1Bxq0nhHF6OtSbit+AIahujJgb/CPRibFkMNJQ==",
      "requires": {
        "loose-envify": "^1.1.0",
        "object-assign": "^4.1.1",
        "prop-types": "^15.6.2",
        "scheduler": "^0.15.0"
      }
    },
    "react-i18next": {
      "version": "10.12.2",
      "resolved": "https://registry.npmjs.org/react-i18next/-/react-i18next-10.12.2.tgz",
      "integrity": "sha512-tZCBhUz8rJtgmTi1z2pWEoQBvFHjwOS2+TQ7L4RfJq1LDirXi2m+3Pwg6gUECVCGenWomLufWNiTwRF9fmBrUQ==",
      "requires": {
        "@babel/runtime": "^7.3.1",
        "html-parse-stringify2": "2.0.1"
      }
    },
    "react-is": {
      "version": "16.8.6",
      "resolved": "https://registry.npmjs.org/react-is/-/react-is-16.8.6.tgz",
      "integrity": "sha512-aUk3bHfZ2bRSVFFbbeVS4i+lNPZr3/WM5jT2J5omUVV1zzcs1nAaf3l51ctA5FFvCRbhrH0bdAsRRQddFJZPtA=="
    },
    "react-redux": {
      "version": "7.1.0",
      "resolved": "https://registry.npmjs.org/react-redux/-/react-redux-7.1.0.tgz",
      "integrity": "sha512-hyu/PoFK3vZgdLTg9ozbt7WF3GgX5+Yn3pZm5/96/o4UueXA+zj08aiSC9Mfj2WtD1bvpIb3C5yvskzZySzzaw==",
      "requires": {
        "@babel/runtime": "^7.4.5",
        "hoist-non-react-statics": "^3.3.0",
        "invariant": "^2.2.4",
        "loose-envify": "^1.4.0",
        "prop-types": "^15.7.2",
        "react-is": "^16.8.6"
      }
    },
    "react-router5": {
      "version": "7.1.0",
      "resolved": "https://registry.npmjs.org/react-router5/-/react-router5-7.1.0.tgz",
      "integrity": "sha512-OVMaRPOhJP5/1U2ExEz9kpv/cdnpt08bKo/+bUgsimDTJ+eD0NrM4wqa1nkpZFUJaICfHccjuHfcxcA5/N0cDw==",
      "requires": {
        "prop-types": "~15.6.2",
        "router5-transition-path": "^7.0.1"
      },
      "dependencies": {
        "prop-types": {
          "version": "15.6.2",
          "resolved": "https://registry.npmjs.org/prop-types/-/prop-types-15.6.2.tgz",
          "integrity": "sha512-3pboPvLiWD7dkI3qf3KbUe6hKFKa52w+AE0VCqECtf+QHAKgOL37tTaNCnuX1nAAQ4ZhyP+kYVKf8rLmJ/feDQ==",
          "requires": {
            "loose-envify": "^1.3.1",
            "object-assign": "^4.1.1"
          }
        }
      }
    },
    "redux": {
      "version": "4.0.4",
      "resolved": "https://registry.npmjs.org/redux/-/redux-4.0.4.tgz",
      "integrity": "sha512-vKv4WdiJxOWKxK0yRoaK3Y4pxxB0ilzVx6dszU2W8wLxlb2yikRph4iV/ymtdJ6ZxpBLFbyrxklnT5yBbQSl3Q==",
      "requires": {
        "loose-envify": "^1.4.0",
        "symbol-observable": "^1.2.0"
      }
    },
    "refract-redux-rxjs": {
      "version": "1.4.0",
      "resolved": "https://registry.npmjs.org/refract-redux-rxjs/-/refract-redux-rxjs-1.4.0.tgz",
      "integrity": "sha512-YarHnaVKp8mtQQnUOzFHN1IAi6fV3stMTFyIEmIW5rUlrV2YcROb5JzOHBNxmnRDb4QkBGxaDnvVgJflp8gCOg=="
    },
    "refract-rxjs": {
      "version": "4.2.1",
      "resolved": "https://registry.npmjs.org/refract-rxjs/-/refract-rxjs-4.2.1.tgz",
      "integrity": "sha512-l4Z3MrMF6OxxnAMTNQ8nuhzxFPeTDXhNCyirowzdKrx0ciq70twqxzTB+lglM7e3SXHfM1iIwOyrxBvYCKn0xw=="
    },
    "regenerator-runtime": {
      "version": "0.13.3",
      "resolved": "https://registry.npmjs.org/regenerator-runtime/-/regenerator-runtime-0.13.3.tgz",
      "integrity": "sha512-naKIZz2GQ8JWh///G7L3X6LaQUAMp2lvb1rvwwsURe/VXwD6VMfr+/1NuNw3ag8v2kY1aQ/go5SNn79O9JU7yw=="
    },
    "route-node": {
      "version": "3.4.2",
      "resolved": "https://registry.npmjs.org/route-node/-/route-node-3.4.2.tgz",
      "integrity": "sha512-MDIllr+xwmzSKQh49Ls1g66LIH9JisXh15WXyu4hAYW95mrTSRWr7bqc23hcrjZpehTmSNOb64ZiHBgsHUArog==",
      "requires": {
        "path-parser": "4.2.0",
        "search-params": "2.1.3"
      }
    },
    "router5": {
      "version": "7.0.2",
      "resolved": "https://registry.npmjs.org/router5/-/router5-7.0.2.tgz",
      "integrity": "sha512-QPTKHjJVn8pozHoPvVREGTogo06M/1dY6UHMMUyoAc7gG3UMx5QBMjyiREnqtac0U0Cp4T5RsZ0bkBXNsSjfYg==",
      "requires": {
        "route-node": "3.4.2",
        "router5-transition-path": "^7.0.1",
        "symbol-observable": "1.2.0"
      }
    },
    "router5-plugin-browser": {
      "version": "7.0.2",
      "resolved": "https://registry.npmjs.org/router5-plugin-browser/-/router5-plugin-browser-7.0.2.tgz",
      "integrity": "sha512-iDrHIDVj6wyvJBKo6fTTkrQor8/vKOXOJQD30HnFcWMHP0Amiu3vzEi6HwM3HjTr5L1AKVzMINBI3fonsdINkw=="
    },
    "router5-transition-path": {
      "version": "7.0.1",
      "resolved": "https://registry.npmjs.org/router5-transition-path/-/router5-transition-path-7.0.1.tgz",
      "integrity": "sha512-ZAiz78ey4T1CDjgFiOUK4fX6AF5ZC8tuw4jCpfsfHWFt5r6URtx/2Sc1ENFPkA6Yrl2crUCGxVWUZCBFwtH9GA=="
    },
    "rxjs": {
      "version": "6.5.2",
      "resolved": "https://registry.npmjs.org/rxjs/-/rxjs-6.5.2.tgz",
      "integrity": "sha512-HUb7j3kvb7p7eCUHE3FqjoDsC1xfZQ4AHFWfTKSpZ+sAhhz5X1WX0ZuUqWbzB2QhSLp3DoLUG+hMdEDKqWo2Zg==",
      "requires": {
        "tslib": "^1.9.0"
      }
    },
    "scheduler": {
      "version": "0.15.0",
      "resolved": "https://registry.npmjs.org/scheduler/-/scheduler-0.15.0.tgz",
      "integrity": "sha512-xAefmSfN6jqAa7Kuq7LIJY0bwAPG3xlCj0HMEBQk1lxYiDKZscY2xJ5U/61ZTrYbmNQbXa+gc7czPkVo11tnCg==",
      "requires": {
        "loose-envify": "^1.1.0",
        "object-assign": "^4.1.1"
      }
    },
    "search-params": {
      "version": "2.1.3",
      "resolved": "https://registry.npmjs.org/search-params/-/search-params-2.1.3.tgz",
      "integrity": "sha512-hHxU9ZGWpZ/lrFBIHndSnQae2in7ra+m+tBSoeAahSWDDgOgpZqs4bfaTZpljgNgAgTbjiQoJtZW6FKSsfEcDA=="
    },
    "socket.io-client": {
      "version": "2.2.0",
      "resolved": "https://registry.npmjs.org/socket.io-client/-/socket.io-client-2.2.0.tgz",
      "integrity": "sha512-56ZrkTDbdTLmBIyfFYesgOxsjcLnwAKoN4CiPyTVkMQj3zTUh0QAx3GbvIvLpFEOvQWu92yyWICxB0u7wkVbYA==",
      "requires": {
        "backo2": "1.0.2",
        "base64-arraybuffer": "0.1.5",
        "component-bind": "1.0.0",
        "component-emitter": "1.2.1",
        "debug": "~3.1.0",
        "engine.io-client": "~3.3.1",
        "has-binary2": "~1.0.2",
        "has-cors": "1.1.0",
        "indexof": "0.0.1",
        "object-component": "0.0.3",
        "parseqs": "0.0.5",
        "parseuri": "0.0.5",
        "socket.io-parser": "~3.3.0",
        "to-array": "0.1.4"
      }
    },
    "socket.io-parser": {
      "version": "3.3.0",
      "resolved": "https://registry.npmjs.org/socket.io-parser/-/socket.io-parser-3.3.0.tgz",
      "integrity": "sha512-hczmV6bDgdaEbVqhAeVMM/jfUfzuEZHsQg6eOmLgJht6G3mPKMxYm75w2+qhAQZ+4X+1+ATZ+QFKeOZD5riHng==",
      "requires": {
        "component-emitter": "1.2.1",
        "debug": "~3.1.0",
        "isarray": "2.0.1"
      }
    },
    "symbol-observable": {
      "version": "1.2.0",
      "resolved": "https://registry.npmjs.org/symbol-observable/-/symbol-observable-1.2.0.tgz",
      "integrity": "sha512-e900nM8RRtGhlV36KGEU9k65K3mPb1WV70OdjfxlG2EAuM1noi/E/BaW/uMhL7bPEssK8QV57vN3esixjUvcXQ=="
    },
    "to-array": {
      "version": "0.1.4",
      "resolved": "https://registry.npmjs.org/to-array/-/to-array-0.1.4.tgz",
      "integrity": "sha1-F+bBH3PdTz10zaek/zI46a2b+JA="
    },
    "ts-invariant": {
      "version": "0.4.4",
      "resolved": "https://registry.npmjs.org/ts-invariant/-/ts-invariant-0.4.4.tgz",
      "integrity": "sha512-uEtWkFM/sdZvRNNDL3Ehu4WVpwaulhwQszV8mrtcdeE8nN00BV9mAmQ88RkrBhFgl9gMgvjJLAQcZbnPXI9mlA==",
      "requires": {
        "tslib": "^1.9.3"
      }
    },
    "tslib": {
      "version": "1.10.0",
      "resolved": "https://registry.npmjs.org/tslib/-/tslib-1.10.0.tgz",
      "integrity": "sha512-qOebF53frne81cf0S9B41ByenJ3/IuH8yJKngAX35CmiZySA0khhkovshKK+jGCaMnVomla7gVlIcc3EvKPbTQ=="
    },
    "void-elements": {
      "version": "2.0.1",
      "resolved": "https://registry.npmjs.org/void-elements/-/void-elements-2.0.1.tgz",
      "integrity": "sha1-wGavtYK7HLQSjWDqkjkulNXp2+w="
    },
    "ws": {
      "version": "6.1.4",
      "resolved": "https://registry.npmjs.org/ws/-/ws-6.1.4.tgz",
      "integrity": "sha512-eqZfL+NE/YQc1/ZynhojeV8q+H050oR8AZ2uIev7RU10svA9ZnJUddHcOUZTJLinZ9yEfdA2kSATS2qZK5fhJA==",
      "requires": {
        "async-limiter": "~1.0.0"
      }
    },
    "xmlhttprequest-ssl": {
      "version": "1.5.5",
      "resolved": "https://registry.npmjs.org/xmlhttprequest-ssl/-/xmlhttprequest-ssl-1.5.5.tgz",
      "integrity": "sha1-wodrBhaKrcQOV9l+gRkayPQ5iz4="
    },
    "yeast": {
      "version": "0.1.2",
      "resolved": "https://registry.npmjs.org/yeast/-/yeast-0.1.2.tgz",
      "integrity": "sha1-AI4G2AlDIMNy28L47XagymyKxBk="
    },
    "zen-observable": {
      "version": "0.8.14",
      "resolved": "https://registry.npmjs.org/zen-observable/-/zen-observable-0.8.14.tgz",
      "integrity": "sha512-kQz39uonEjEESwh+qCi83kcC3rZJGh4mrZW7xjkSQYXkq//JZHTtKo+6yuVloTgMtzsIWOJrjIrKvk/dqm0L5g=="
    },
    "zen-observable-ts": {
      "version": "0.8.19",
      "resolved": "https://registry.npmjs.org/zen-observable-ts/-/zen-observable-ts-0.8.19.tgz",
      "integrity": "sha512-u1a2rpE13G+jSzrg3aiCqXU5tN2kw41b+cBZGmnc+30YimdkKiDj9bTowcB41eL77/17RF/h+393AuVgShyheQ==",
      "requires": {
        "tslib": "^1.9.3",
        "zen-observable": "^0.8.0"
      }
    }
  }
}
